
Microsoft Visual Studio Solution File, Format Version 11.00
# Visual Studio 2010
Project("{FAE04EC0-301F-11D3-BF4B-00C04F79EFBC}") = "Cassette.Nancy", "Cassette.Nancy\Cassette.Nancy.csproj", "{7514833D-27E3-42B1-9BF7-CAE8CBAB0446}"
EndProject
Project("{2150E333-8FDC-42A3-9474-1A3956D46DE8}") = "Solution Items", "Solution Items", "{F8784DCA-7F35-4E50-B34C-34A857157EF5}"
	ProjectSection(SolutionItems) = preProject
		Cassette.Nancy\Cassette.Nancy.nuspec = Cassette.Nancy\Cassette.Nancy.nuspec
		..\NugetPack.ps1 = ..\NugetPack.ps1
		..\NugetPush.ps1 = ..\NugetPush.ps1
		..\readme.md = ..\readme.md
		SharedAssemblyInfo.cs = SharedAssemblyInfo.cs
	EndProjectSection
EndProject
Project("{FAE04EC0-301F-11D3-BF4B-00C04F79EFBC}") = "Cassette.Nancy.Test", "Cassette.Nancy.Test\Cassette.Nancy.Test.csproj", "{A364F722-2DBE-4038-89C5-9157289AD942}"
EndProject
Project("{2150E333-8FDC-42A3-9474-1A3956D46DE8}") = "Dependencies", "Dependencies", "{8EBA1F36-B16E-47CC-9D59-55640D921F69}"
EndProject
Project("{FAE04EC0-301F-11D3-BF4B-00C04F79EFBC}") = "Cassette", "..\dependencies\cassette\src\Cassette\Cassette.csproj", "{A5CCF9D3-5D49-4BFC-B9A6-9EC9E0E29C50}"
EndProject
Project("{FAE04EC0-301F-11D3-BF4B-00C04F79EFBC}") = "Nancy", "..\dependencies\Nancy\src\Nancy\Nancy.csproj", "{34576216-0DCA-4B0F-A0DC-9075E75A676F}"
EndProject
Project("{FAE04EC0-301F-11D3-BF4B-00C04F79EFBC}") = "Nancy.Testing", "..\dependencies\Nancy\src\Nancy.Testing\Nancy.Testing.csproj", "{D79203C0-B672-4751-9C95-C3AB7D3FEFBE}"
EndProject
Project("{2150E333-8FDC-42A3-9474-1A3956D46DE8}") = "Demos", "Demos", "{F9897763-0E34-4706-85D0-DC0DA0AC4722}"
EndProject
Project("{FAE04EC0-301F-11D3-BF4B-00C04F79EFBC}") = "Nancy.Hosting.Aspnet", "..\dependencies\Nancy\src\Nancy.Hosting.Aspnet\Nancy.Hosting.Aspnet.csproj", "{15B7F794-0BB2-4B66-AD78-4A951F1209B2}"
EndProject
Project("{FAE04EC0-301F-11D3-BF4B-00C04F79EFBC}") = "Nancy.ViewEngines.Razor", "..\dependencies\Nancy\src\Nancy.ViewEngines.Razor\Nancy.ViewEngines.Razor.csproj", "{2C6F51DF-015C-4DB6-B44C-0E5E4F25E2A9}"
EndProject
Project("{FAE04EC0-301F-11D3-BF4B-00C04F79EFBC}") = "Cassette.Views", "..\dependencies\cassette\src\Cassette.Views\Cassette.Views.csproj", "{3A021487-A395-4FE6-9B41-336D0F1E6AD0}"
EndProject
Project("{FAE04EC0-301F-11D3-BF4B-00C04F79EFBC}") = "Cassette.Nancy.Demo.TinyIoC", "Cassette.Nancy.Demo.TinyIoC\Cassette.Nancy.Demo.TinyIoC.csproj", "{B9DB161B-2028-4F02-BA43-B4D60A4471FF}"
EndProject
Project("{FAE04EC0-301F-11D3-BF4B-00C04F79EFBC}") = "Cassette.Nancy.Demo.Autofac", "Cassette.Nancy.Demo.Autofac\Cassette.Nancy.Demo.Autofac.csproj", "{9A5453B3-7D74-4992-9A31-69ECFBD3A06F}"
EndProject
Project("{FAE04EC0-301F-11D3-BF4B-00C04F79EFBC}") = "Cassette.Nancy.Demo.MVC3", "Cassette.Nancy.Demo.MVC3\Cassette.Nancy.Demo.MVC3.csproj", "{9B164BF7-1E0B-4673-BCF9-3115878ED145}"
EndProject
Project("{FAE04EC0-301F-11D3-BF4B-00C04F79EFBC}") = "Nancy.Authentication.Forms", "..\dependencies\Nancy\src\Nancy.Authentication.Forms\Nancy.Authentication.Forms.csproj", "{E8B18958-7C8A-4FBA-AF00-3041C34A20CE}"
EndProject
Project("{FAE04EC0-301F-11D3-BF4B-00C04F79EFBC}") = "Cassette.Aspnet", "..\dependencies\cassette\src\Cassette.Aspnet\Cassette.Aspnet.csproj", "{733F8032-D649-4E4C-A23E-4A048C33FCAE}"
EndProject
Project("{FAE04EC0-301F-11D3-BF4B-00C04F79EFBC}") = "Cassette.CoffeeScript", "..\dependencies\cassette\src\Cassette.CoffeeScript\Cassette.CoffeeScript.csproj", "{C9A552DA-83EB-4479-BAB6-C40B6091E3D4}"
EndProject
Project("{FAE04EC0-301F-11D3-BF4B-00C04F79EFBC}") = "Cassette.Less", "..\dependencies\cassette\src\Cassette.Less\Cassette.Less.csproj", "{EC1BE4F4-A2A7-4154-9F4D-F75D1B1FD976}"
EndProject
Project("{FAE04EC0-301F-11D3-BF4B-00C04F79EFBC}") = "Cassette.Sass", "..\dependencies\cassette\src\Cassette.Sass\Cassette.Sass.csproj", "{52B1448C-8165-46B7-B024-A6BF9F60D766}"
EndProject
Global
	GlobalSection(SolutionConfigurationPlatforms) = preSolution
		Debug|Any CPU = Debug|Any CPU
		DebugNET35|Any CPU = DebugNET35|Any CPU
		MonoDebug|Any CPU = MonoDebug|Any CPU
		MonoRelease|Any CPU = MonoRelease|Any CPU
		Release|Any CPU = Release|Any CPU
		ReleaseNET35|Any CPU = ReleaseNET35|Any CPU
	EndGlobalSection
	GlobalSection(ProjectConfigurationPlatforms) = postSolution
		{7514833D-27E3-42B1-9BF7-CAE8CBAB0446}.Debug|Any CPU.ActiveCfg = Debug|Any CPU
		{7514833D-27E3-42B1-9BF7-CAE8CBAB0446}.Debug|Any CPU.Build.0 = Debug|Any CPU
		{7514833D-27E3-42B1-9BF7-CAE8CBAB0446}.DebugNET35|Any CPU.ActiveCfg = Debug|Any CPU
		{7514833D-27E3-42B1-9BF7-CAE8CBAB0446}.DebugNET35|Any CPU.Build.0 = Debug|Any CPU
		{7514833D-27E3-42B1-9BF7-CAE8CBAB0446}.MonoDebug|Any CPU.ActiveCfg = Debug|Any CPU
		{7514833D-27E3-42B1-9BF7-CAE8CBAB0446}.MonoDebug|Any CPU.Build.0 = Debug|Any CPU
		{7514833D-27E3-42B1-9BF7-CAE8CBAB0446}.MonoRelease|Any CPU.ActiveCfg = Release|Any CPU
		{7514833D-27E3-42B1-9BF7-CAE8CBAB0446}.MonoRelease|Any CPU.Build.0 = Release|Any CPU
		{7514833D-27E3-42B1-9BF7-CAE8CBAB0446}.Release|Any CPU.ActiveCfg = Release|Any CPU
		{7514833D-27E3-42B1-9BF7-CAE8CBAB0446}.Release|Any CPU.Build.0 = Release|Any CPU
		{7514833D-27E3-42B1-9BF7-CAE8CBAB0446}.ReleaseNET35|Any CPU.ActiveCfg = Release|Any CPU
		{7514833D-27E3-42B1-9BF7-CAE8CBAB0446}.ReleaseNET35|Any CPU.Build.0 = Release|Any CPU
		{A364F722-2DBE-4038-89C5-9157289AD942}.Debug|Any CPU.ActiveCfg = Debug|Any CPU
		{A364F722-2DBE-4038-89C5-9157289AD942}.Debug|Any CPU.Build.0 = Debug|Any CPU
		{A364F722-2DBE-4038-89C5-9157289AD942}.DebugNET35|Any CPU.ActiveCfg = Debug|Any CPU
		{A364F722-2DBE-4038-89C5-9157289AD942}.DebugNET35|Any CPU.Build.0 = Debug|Any CPU
		{A364F722-2DBE-4038-89C5-9157289AD942}.MonoDebug|Any CPU.ActiveCfg = Debug|Any CPU
		{A364F722-2DBE-4038-89C5-9157289AD942}.MonoDebug|Any CPU.Build.0 = Debug|Any CPU
		{A364F722-2DBE-4038-89C5-9157289AD942}.MonoRelease|Any CPU.ActiveCfg = Release|Any CPU
		{A364F722-2DBE-4038-89C5-9157289AD942}.MonoRelease|Any CPU.Build.0 = Release|Any CPU
		{A364F722-2DBE-4038-89C5-9157289AD942}.Release|Any CPU.ActiveCfg = Release|Any CPU
		{A364F722-2DBE-4038-89C5-9157289AD942}.Release|Any CPU.Build.0 = Release|Any CPU
		{A364F722-2DBE-4038-89C5-9157289AD942}.ReleaseNET35|Any CPU.ActiveCfg = Release|Any CPU
		{A364F722-2DBE-4038-89C5-9157289AD942}.ReleaseNET35|Any CPU.Build.0 = Release|Any CPU
		{A5CCF9D3-5D49-4BFC-B9A6-9EC9E0E29C50}.Debug|Any CPU.ActiveCfg = Debug|Any CPU
		{A5CCF9D3-5D49-4BFC-B9A6-9EC9E0E29C50}.Debug|Any CPU.Build.0 = Debug|Any CPU
		{A5CCF9D3-5D49-4BFC-B9A6-9EC9E0E29C50}.DebugNET35|Any CPU.ActiveCfg = DebugNET35|Any CPU
		{A5CCF9D3-5D49-4BFC-B9A6-9EC9E0E29C50}.DebugNET35|Any CPU.Build.0 = DebugNET35|Any CPU
		{A5CCF9D3-5D49-4BFC-B9A6-9EC9E0E29C50}.MonoDebug|Any CPU.ActiveCfg = Debug|Any CPU
		{A5CCF9D3-5D49-4BFC-B9A6-9EC9E0E29C50}.MonoDebug|Any CPU.Build.0 = Debug|Any CPU
		{A5CCF9D3-5D49-4BFC-B9A6-9EC9E0E29C50}.MonoRelease|Any CPU.ActiveCfg = Release|Any CPU
		{A5CCF9D3-5D49-4BFC-B9A6-9EC9E0E29C50}.MonoRelease|Any CPU.Build.0 = Release|Any CPU
		{A5CCF9D3-5D49-4BFC-B9A6-9EC9E0E29C50}.Release|Any CPU.ActiveCfg = Release|Any CPU
		{A5CCF9D3-5D49-4BFC-B9A6-9EC9E0E29C50}.Release|Any CPU.Build.0 = Release|Any CPU
		{A5CCF9D3-5D49-4BFC-B9A6-9EC9E0E29C50}.ReleaseNET35|Any CPU.ActiveCfg = ReleaseNET35|Any CPU
		{A5CCF9D3-5D49-4BFC-B9A6-9EC9E0E29C50}.ReleaseNET35|Any CPU.Build.0 = ReleaseNET35|Any CPU
		{34576216-0DCA-4B0F-A0DC-9075E75A676F}.Debug|Any CPU.ActiveCfg = Debug|Any CPU
		{34576216-0DCA-4B0F-A0DC-9075E75A676F}.Debug|Any CPU.Build.0 = Debug|Any CPU
		{34576216-0DCA-4B0F-A0DC-9075E75A676F}.DebugNET35|Any CPU.ActiveCfg = Debug|Any CPU
		{34576216-0DCA-4B0F-A0DC-9075E75A676F}.DebugNET35|Any CPU.Build.0 = Debug|Any CPU
		{34576216-0DCA-4B0F-A0DC-9075E75A676F}.MonoDebug|Any CPU.ActiveCfg = MonoDebug|Any CPU
		{34576216-0DCA-4B0F-A0DC-9075E75A676F}.MonoDebug|Any CPU.Build.0 = MonoDebug|Any CPU
		{34576216-0DCA-4B0F-A0DC-9075E75A676F}.MonoRelease|Any CPU.ActiveCfg = MonoRelease|Any CPU
		{34576216-0DCA-4B0F-A0DC-9075E75A676F}.MonoRelease|Any CPU.Build.0 = MonoRelease|Any CPU
		{34576216-0DCA-4B0F-A0DC-9075E75A676F}.Release|Any CPU.ActiveCfg = Release|Any CPU
		{34576216-0DCA-4B0F-A0DC-9075E75A676F}.Release|Any CPU.Build.0 = Release|Any CPU
		{34576216-0DCA-4B0F-A0DC-9075E75A676F}.ReleaseNET35|Any CPU.ActiveCfg = Release|Any CPU
		{34576216-0DCA-4B0F-A0DC-9075E75A676F}.ReleaseNET35|Any CPU.Build.0 = Release|Any CPU
		{D79203C0-B672-4751-9C95-C3AB7D3FEFBE}.Debug|Any CPU.ActiveCfg = Debug|Any CPU
		{D79203C0-B672-4751-9C95-C3AB7D3FEFBE}.Debug|Any CPU.Build.0 = Debug|Any CPU
		{D79203C0-B672-4751-9C95-C3AB7D3FEFBE}.DebugNET35|Any CPU.ActiveCfg = Debug|Any CPU
		{D79203C0-B672-4751-9C95-C3AB7D3FEFBE}.DebugNET35|Any CPU.Build.0 = Debug|Any CPU
		{D79203C0-B672-4751-9C95-C3AB7D3FEFBE}.MonoDebug|Any CPU.ActiveCfg = MonoDebug|Any CPU
		{D79203C0-B672-4751-9C95-C3AB7D3FEFBE}.MonoDebug|Any CPU.Build.0 = MonoDebug|Any CPU
		{D79203C0-B672-4751-9C95-C3AB7D3FEFBE}.MonoRelease|Any CPU.ActiveCfg = MonoRelease|Any CPU
		{D79203C0-B672-4751-9C95-C3AB7D3FEFBE}.MonoRelease|Any CPU.Build.0 = MonoRelease|Any CPU
		{D79203C0-B672-4751-9C95-C3AB7D3FEFBE}.Release|Any CPU.ActiveCfg = Release|Any CPU
		{D79203C0-B672-4751-9C95-C3AB7D3FEFBE}.Release|Any CPU.Build.0 = Release|Any CPU
		{D79203C0-B672-4751-9C95-C3AB7D3FEFBE}.ReleaseNET35|Any CPU.ActiveCfg = Release|Any CPU
		{D79203C0-B672-4751-9C95-C3AB7D3FEFBE}.ReleaseNET35|Any CPU.Build.0 = Release|Any CPU
		{15B7F794-0BB2-4B66-AD78-4A951F1209B2}.Debug|Any CPU.ActiveCfg = Debug|Any CPU
		{15B7F794-0BB2-4B66-AD78-4A951F1209B2}.Debug|Any CPU.Build.0 = Debug|Any CPU
		{15B7F794-0BB2-4B66-AD78-4A951F1209B2}.DebugNET35|Any CPU.ActiveCfg = Debug|Any CPU
		{15B7F794-0BB2-4B66-AD78-4A951F1209B2}.DebugNET35|Any CPU.Build.0 = Debug|Any CPU
		{15B7F794-0BB2-4B66-AD78-4A951F1209B2}.MonoDebug|Any CPU.ActiveCfg = MonoDebug|Any CPU
		{15B7F794-0BB2-4B66-AD78-4A951F1209B2}.MonoDebug|Any CPU.Build.0 = MonoDebug|Any CPU
		{15B7F794-0BB2-4B66-AD78-4A951F1209B2}.MonoRelease|Any CPU.ActiveCfg = MonoRelease|Any CPU
		{15B7F794-0BB2-4B66-AD78-4A951F1209B2}.MonoRelease|Any CPU.Build.0 = MonoRelease|Any CPU
		{15B7F794-0BB2-4B66-AD78-4A951F1209B2}.Release|Any CPU.ActiveCfg = Release|Any CPU
		{15B7F794-0BB2-4B66-AD78-4A951F1209B2}.Release|Any CPU.Build.0 = Release|Any CPU
		{15B7F794-0BB2-4B66-AD78-4A951F1209B2}.ReleaseNET35|Any CPU.ActiveCfg = Release|Any CPU
		{15B7F794-0BB2-4B66-AD78-4A951F1209B2}.ReleaseNET35|Any CPU.Build.0 = Release|Any CPU
		{2C6F51DF-015C-4DB6-B44C-0E5E4F25E2A9}.Debug|Any CPU.ActiveCfg = Debug|Any CPU
		{2C6F51DF-015C-4DB6-B44C-0E5E4F25E2A9}.Debug|Any CPU.Build.0 = Debug|Any CPU
		{2C6F51DF-015C-4DB6-B44C-0E5E4F25E2A9}.DebugNET35|Any CPU.ActiveCfg = Debug|Any CPU
		{2C6F51DF-015C-4DB6-B44C-0E5E4F25E2A9}.DebugNET35|Any CPU.Build.0 = Debug|Any CPU
		{2C6F51DF-015C-4DB6-B44C-0E5E4F25E2A9}.MonoDebug|Any CPU.ActiveCfg = MonoDebug|Any CPU
		{2C6F51DF-015C-4DB6-B44C-0E5E4F25E2A9}.MonoDebug|Any CPU.Build.0 = MonoDebug|Any CPU
		{2C6F51DF-015C-4DB6-B44C-0E5E4F25E2A9}.MonoRelease|Any CPU.ActiveCfg = MonoRelease|Any CPU
		{2C6F51DF-015C-4DB6-B44C-0E5E4F25E2A9}.MonoRelease|Any CPU.Build.0 = MonoRelease|Any CPU
		{2C6F51DF-015C-4DB6-B44C-0E5E4F25E2A9}.Release|Any CPU.ActiveCfg = Release|Any CPU
		{2C6F51DF-015C-4DB6-B44C-0E5E4F25E2A9}.Release|Any CPU.Build.0 = Release|Any CPU
		{2C6F51DF-015C-4DB6-B44C-0E5E4F25E2A9}.ReleaseNET35|Any CPU.ActiveCfg = Release|Any CPU
		{2C6F51DF-015C-4DB6-B44C-0E5E4F25E2A9}.ReleaseNET35|Any CPU.Build.0 = Release|Any CPU
		{3A021487-A395-4FE6-9B41-336D0F1E6AD0}.Debug|Any CPU.ActiveCfg = Debug|Any CPU
		{3A021487-A395-4FE6-9B41-336D0F1E6AD0}.Debug|Any CPU.Build.0 = Debug|Any CPU
		{3A021487-A395-4FE6-9B41-336D0F1E6AD0}.DebugNET35|Any CPU.ActiveCfg = DebugNET35|Any CPU
		{3A021487-A395-4FE6-9B41-336D0F1E6AD0}.DebugNET35|Any CPU.Build.0 = DebugNET35|Any CPU
		{3A021487-A395-4FE6-9B41-336D0F1E6AD0}.MonoDebug|Any CPU.ActiveCfg = Debug|Any CPU
		{3A021487-A395-4FE6-9B41-336D0F1E6AD0}.MonoDebug|Any CPU.Build.0 = Debug|Any CPU
		{3A021487-A395-4FE6-9B41-336D0F1E6AD0}.MonoRelease|Any CPU.ActiveCfg = Release|Any CPU
		{3A021487-A395-4FE6-9B41-336D0F1E6AD0}.MonoRelease|Any CPU.Build.0 = Release|Any CPU
		{3A021487-A395-4FE6-9B41-336D0F1E6AD0}.Release|Any CPU.ActiveCfg = Release|Any CPU
		{3A021487-A395-4FE6-9B41-336D0F1E6AD0}.Release|Any CPU.Build.0 = Release|Any CPU
		{3A021487-A395-4FE6-9B41-336D0F1E6AD0}.ReleaseNET35|Any CPU.ActiveCfg = ReleaseNET35|Any CPU
		{3A021487-A395-4FE6-9B41-336D0F1E6AD0}.ReleaseNET35|Any CPU.Build.0 = ReleaseNET35|Any CPU
		{B9DB161B-2028-4F02-BA43-B4D60A4471FF}.Debug|Any CPU.ActiveCfg = Debug|Any CPU
		{B9DB161B-2028-4F02-BA43-B4D60A4471FF}.Debug|Any CPU.Build.0 = Debug|Any CPU
		{B9DB161B-2028-4F02-BA43-B4D60A4471FF}.DebugNET35|Any CPU.ActiveCfg = Debug|Any CPU
		{B9DB161B-2028-4F02-BA43-B4D60A4471FF}.DebugNET35|Any CPU.Build.0 = Debug|Any CPU
		{B9DB161B-2028-4F02-BA43-B4D60A4471FF}.MonoDebug|Any CPU.ActiveCfg = Debug|Any CPU
		{B9DB161B-2028-4F02-BA43-B4D60A4471FF}.MonoDebug|Any CPU.Build.0 = Debug|Any CPU
		{B9DB161B-2028-4F02-BA43-B4D60A4471FF}.MonoRelease|Any CPU.ActiveCfg = Release|Any CPU
		{B9DB161B-2028-4F02-BA43-B4D60A4471FF}.MonoRelease|Any CPU.Build.0 = Release|Any CPU
		{B9DB161B-2028-4F02-BA43-B4D60A4471FF}.Release|Any CPU.ActiveCfg = Release|Any CPU
		{B9DB161B-2028-4F02-BA43-B4D60A4471FF}.Release|Any CPU.Build.0 = Release|Any CPU
		{B9DB161B-2028-4F02-BA43-B4D60A4471FF}.ReleaseNET35|Any CPU.ActiveCfg = Release|Any CPU
		{B9DB161B-2028-4F02-BA43-B4D60A4471FF}.ReleaseNET35|Any CPU.Build.0 = Release|Any CPU
		{9A5453B3-7D74-4992-9A31-69ECFBD3A06F}.Debug|Any CPU.ActiveCfg = Debug|Any CPU
		{9A5453B3-7D74-4992-9A31-69ECFBD3A06F}.Debug|Any CPU.Build.0 = Debug|Any CPU
		{9A5453B3-7D74-4992-9A31-69ECFBD3A06F}.DebugNET35|Any CPU.ActiveCfg = Debug|Any CPU
		{9A5453B3-7D74-4992-9A31-69ECFBD3A06F}.DebugNET35|Any CPU.Build.0 = Debug|Any CPU
		{9A5453B3-7D74-4992-9A31-69ECFBD3A06F}.MonoDebug|Any CPU.ActiveCfg = Debug|Any CPU
		{9A5453B3-7D74-4992-9A31-69ECFBD3A06F}.MonoDebug|Any CPU.Build.0 = Debug|Any CPU
		{9A5453B3-7D74-4992-9A31-69ECFBD3A06F}.MonoRelease|Any CPU.ActiveCfg = Release|Any CPU
		{9A5453B3-7D74-4992-9A31-69ECFBD3A06F}.MonoRelease|Any CPU.Build.0 = Release|Any CPU
		{9A5453B3-7D74-4992-9A31-69ECFBD3A06F}.Release|Any CPU.ActiveCfg = Release|Any CPU
		{9A5453B3-7D74-4992-9A31-69ECFBD3A06F}.Release|Any CPU.Build.0 = Release|Any CPU
		{9A5453B3-7D74-4992-9A31-69ECFBD3A06F}.ReleaseNET35|Any CPU.ActiveCfg = Release|Any CPU
		{9A5453B3-7D74-4992-9A31-69ECFBD3A06F}.ReleaseNET35|Any CPU.Build.0 = Release|Any CPU
		{9B164BF7-1E0B-4673-BCF9-3115878ED145}.Debug|Any CPU.ActiveCfg = Debug|Any CPU
		{9B164BF7-1E0B-4673-BCF9-3115878ED145}.Debug|Any CPU.Build.0 = Debug|Any CPU
		{9B164BF7-1E0B-4673-BCF9-3115878ED145}.DebugNET35|Any CPU.ActiveCfg = Debug|Any CPU
		{9B164BF7-1E0B-4673-BCF9-3115878ED145}.MonoDebug|Any CPU.ActiveCfg = Debug|Any CPU
		{9B164BF7-1E0B-4673-BCF9-3115878ED145}.MonoDebug|Any CPU.Build.0 = Debug|Any CPU
		{9B164BF7-1E0B-4673-BCF9-3115878ED145}.MonoRelease|Any CPU.ActiveCfg = Release|Any CPU
		{9B164BF7-1E0B-4673-BCF9-3115878ED145}.MonoRelease|Any CPU.Build.0 = Release|Any CPU
		{9B164BF7-1E0B-4673-BCF9-3115878ED145}.Release|Any CPU.ActiveCfg = Release|Any CPU
		{9B164BF7-1E0B-4673-BCF9-3115878ED145}.Release|Any CPU.Build.0 = Release|Any CPU
		{9B164BF7-1E0B-4673-BCF9-3115878ED145}.ReleaseNET35|Any CPU.ActiveCfg = Release|Any CPU
		{E8B18958-7C8A-4FBA-AF00-3041C34A20CE}.Debug|Any CPU.ActiveCfg = Debug|Any CPU
		{E8B18958-7C8A-4FBA-AF00-3041C34A20CE}.Debug|Any CPU.Build.0 = Debug|Any CPU
		{E8B18958-7C8A-4FBA-AF00-3041C34A20CE}.DebugNET35|Any CPU.ActiveCfg = Debug|Any CPU
		{E8B18958-7C8A-4FBA-AF00-3041C34A20CE}.DebugNET35|Any CPU.Build.0 = Debug|Any CPU
		{E8B18958-7C8A-4FBA-AF00-3041C34A20CE}.MonoDebug|Any CPU.ActiveCfg = MonoDebug|Any CPU
		{E8B18958-7C8A-4FBA-AF00-3041C34A20CE}.MonoDebug|Any CPU.Build.0 = MonoDebug|Any CPU
		{E8B18958-7C8A-4FBA-AF00-3041C34A20CE}.MonoRelease|Any CPU.ActiveCfg = MonoRelease|Any CPU
		{E8B18958-7C8A-4FBA-AF00-3041C34A20CE}.MonoRelease|Any CPU.Build.0 = MonoRelease|Any CPU
		{E8B18958-7C8A-4FBA-AF00-3041C34A20CE}.Release|Any CPU.ActiveCfg = Release|Any CPU
		{E8B18958-7C8A-4FBA-AF00-3041C34A20CE}.Release|Any CPU.Build.0 = Release|Any CPU
		{E8B18958-7C8A-4FBA-AF00-3041C34A20CE}.ReleaseNET35|Any CPU.ActiveCfg = Release|Any CPU
		{E8B18958-7C8A-4FBA-AF00-3041C34A20CE}.ReleaseNET35|Any CPU.Build.0 = Release|Any CPU
		{733F8032-D649-4E4C-A23E-4A048C33FCAE}.Debug|Any CPU.ActiveCfg = Debug|Any CPU
		{733F8032-D649-4E4C-A23E-4A048C33FCAE}.Debug|Any CPU.Build.0 = Debug|Any CPU
		{733F8032-D649-4E4C-A23E-4A048C33FCAE}.DebugNET35|Any CPU.ActiveCfg = DebugNET35|Any CPU
		{733F8032-D649-4E4C-A23E-4A048C33FCAE}.DebugNET35|Any CPU.Build.0 = DebugNET35|Any CPU
		{733F8032-D649-4E4C-A23E-4A048C33FCAE}.MonoDebug|Any CPU.ActiveCfg = Debug|Any CPU
		{733F8032-D649-4E4C-A23E-4A048C33FCAE}.MonoDebug|Any CPU.Build.0 = Debug|Any CPU
		{733F8032-D649-4E4C-A23E-4A048C33FCAE}.MonoRelease|Any CPU.ActiveCfg = Release|Any CPU
		{733F8032-D649-4E4C-A23E-4A048C33FCAE}.MonoRelease|Any CPU.Build.0 = Release|Any CPU
		{733F8032-D649-4E4C-A23E-4A048C33FCAE}.Release|Any CPU.ActiveCfg = Release|Any CPU
		{733F8032-D649-4E4C-A23E-4A048C33FCAE}.Release|Any CPU.Build.0 = Release|Any CPU
		{733F8032-D649-4E4C-A23E-4A048C33FCAE}.ReleaseNET35|Any CPU.ActiveCfg = ReleaseNET35|Any CPU
		{733F8032-D649-4E4C-A23E-4A048C33FCAE}.ReleaseNET35|Any CPU.Build.0 = ReleaseNET35|Any CPU
		{C9A552DA-83EB-4479-BAB6-C40B6091E3D4}.Debug|Any CPU.ActiveCfg = Debug|Any CPU
		{C9A552DA-83EB-4479-BAB6-C40B6091E3D4}.Debug|Any CPU.Build.0 = Debug|Any CPU
		{C9A552DA-83EB-4479-BAB6-C40B6091E3D4}.DebugNET35|Any CPU.ActiveCfg = DebugNET35|Any CPU
		{C9A552DA-83EB-4479-BAB6-C40B6091E3D4}.DebugNET35|Any CPU.Build.0 = DebugNET35|Any CPU
		{C9A552DA-83EB-4479-BAB6-C40B6091E3D4}.MonoDebug|Any CPU.ActiveCfg = Debug|Any CPU
		{C9A552DA-83EB-4479-BAB6-C40B6091E3D4}.MonoDebug|Any CPU.Build.0 = Debug|Any CPU
		{C9A552DA-83EB-4479-BAB6-C40B6091E3D4}.MonoRelease|Any CPU.ActiveCfg = Release|Any CPU
		{C9A552DA-83EB-4479-BAB6-C40B6091E3D4}.MonoRelease|Any CPU.Build.0 = Release|Any CPU
		{C9A552DA-83EB-4479-BAB6-C40B6091E3D4}.Release|Any CPU.ActiveCfg = Release|Any CPU
		{C9A552DA-83EB-4479-BAB6-C40B6091E3D4}.Release|Any CPU.Build.0 = Release|Any CPU
		{C9A552DA-83EB-4479-BAB6-C40B6091E3D4}.ReleaseNET35|Any CPU.ActiveCfg = ReleaseNET35|Any CPU
		{C9A552DA-83EB-4479-BAB6-C40B6091E3D4}.ReleaseNET35|Any CPU.Build.0 = ReleaseNET35|Any CPU
		{EC1BE4F4-A2A7-4154-9F4D-F75D1B1FD976}.Debug|Any CPU.ActiveCfg = Debug|Any CPU
		{EC1BE4F4-A2A7-4154-9F4D-F75D1B1FD976}.Debug|Any CPU.Build.0 = Debug|Any CPU
		{EC1BE4F4-A2A7-4154-9F4D-F75D1B1FD976}.DebugNET35|Any CPU.ActiveCfg = DebugNET35|Any CPU
		{EC1BE4F4-A2A7-4154-9F4D-F75D1B1FD976}.DebugNET35|Any CPU.Build.0 = DebugNET35|Any CPU
		{EC1BE4F4-A2A7-4154-9F4D-F75D1B1FD976}.MonoDebug|Any CPU.ActiveCfg = Debug|Any CPU
		{EC1BE4F4-A2A7-4154-9F4D-F75D1B1FD976}.MonoDebug|Any CPU.Build.0 = Debug|Any CPU
		{EC1BE4F4-A2A7-4154-9F4D-F75D1B1FD976}.MonoRelease|Any CPU.ActiveCfg = Release|Any CPU
		{EC1BE4F4-A2A7-4154-9F4D-F75D1B1FD976}.MonoRelease|Any CPU.Build.0 = Release|Any CPU
		{EC1BE4F4-A2A7-4154-9F4D-F75D1B1FD976}.Release|Any CPU.ActiveCfg = Release|Any CPU
		{EC1BE4F4-A2A7-4154-9F4D-F75D1B1FD976}.Release|Any CPU.Build.0 = Release|Any CPU
		{EC1BE4F4-A2A7-4154-9F4D-F75D1B1FD976}.ReleaseNET35|Any CPU.ActiveCfg = ReleaseNET35|Any CPU
		{EC1BE4F4-A2A7-4154-9F4D-F75D1B1FD976}.ReleaseNET35|Any CPU.Build.0 = ReleaseNET35|Any CPU
		{52B1448C-8165-46B7-B024-A6BF9F60D766}.Debug|Any CPU.ActiveCfg = Debug|Any CPU
		{52B1448C-8165-46B7-B024-A6BF9F60D766}.Debug|Any CPU.Build.0 = Debug|Any CPU
		{52B1448C-8165-46B7-B024-A6BF9F60D766}.DebugNET35|Any CPU.ActiveCfg = Debug|Any CPU
		{52B1448C-8165-46B7-B024-A6BF9F60D766}.DebugNET35|Any CPU.Build.0 = Debug|Any CPU
		{52B1448C-8165-46B7-B024-A6BF9F60D766}.MonoDebug|Any CPU.ActiveCfg = Debug|Any CPU
		{52B1448C-8165-46B7-B024-A6BF9F60D766}.MonoDebug|Any CPU.Build.0 = Debug|Any CPU
		{52B1448C-8165-46B7-B024-A6BF9F60D766}.MonoRelease|Any CPU.ActiveCfg = Release|Any CPU
		{52B1448C-8165-46B7-B024-A6BF9F60D766}.MonoRelease|Any CPU.Build.0 = Release|Any CPU
		{52B1448C-8165-46B7-B024-A6BF9F60D766}.Release|Any CPU.ActiveCfg = Release|Any CPU
		{52B1448C-8165-46B7-B024-A6BF9F60D766}.Release|Any CPU.Build.0 = Release|Any CPU
		{52B1448C-8165-46B7-B024-A6BF9F60D766}.ReleaseNET35|Any CPU.ActiveCfg = Release|Any CPU
		{52B1448C-8165-46B7-B024-A6BF9F60D766}.ReleaseNET35|Any CPU.Build.0 = Release|Any CPU
	EndGlobalSection
	GlobalSection(SolutionProperties) = preSolution
		HideSolutionNode = FALSE
	EndGlobalSection
	GlobalSection(NestedProjects) = preSolution
		{A5CCF9D3-5D49-4BFC-B9A6-9EC9E0E29C50} = {8EBA1F36-B16E-47CC-9D59-55640D921F69}
		{34576216-0DCA-4B0F-A0DC-9075E75A676F} = {8EBA1F36-B16E-47CC-9D59-55640D921F69}
		{D79203C0-B672-4751-9C95-C3AB7D3FEFBE} = {8EBA1F36-B16E-47CC-9D59-55640D921F69}
		{15B7F794-0BB2-4B66-AD78-4A951F1209B2} = {8EBA1F36-B16E-47CC-9D59-55640D921F69}
		{2C6F51DF-015C-4DB6-B44C-0E5E4F25E2A9} = {8EBA1F36-B16E-47CC-9D59-55640D921F69}
		{3A021487-A395-4FE6-9B41-336D0F1E6AD0} = {8EBA1F36-B16E-47CC-9D59-55640D921F69}
		{E8B18958-7C8A-4FBA-AF00-3041C34A20CE} = {8EBA1F36-B16E-47CC-9D59-55640D921F69}
		{733F8032-D649-4E4C-A23E-4A048C33FCAE} = {8EBA1F36-B16E-47CC-9D59-55640D921F69}
		{C9A552DA-83EB-4479-BAB6-C40B6091E3D4} = {8EBA1F36-B16E-47CC-9D59-55640D921F69}
		{EC1BE4F4-A2A7-4154-9F4D-F75D1B1FD976} = {8EBA1F36-B16E-47CC-9D59-55640D921F69}
		{52B1448C-8165-46B7-B024-A6BF9F60D766} = {8EBA1F36-B16E-47CC-9D59-55640D921F69}
		{B9DB161B-2028-4F02-BA43-B4D60A4471FF} = {F9897763-0E34-4706-85D0-DC0DA0AC4722}
		{9A5453B3-7D74-4992-9A31-69ECFBD3A06F} = {F9897763-0E34-4706-85D0-DC0DA0AC4722}
		{9B164BF7-1E0B-4673-BCF9-3115878ED145} = {F9897763-0E34-4706-85D0-DC0DA0AC4722}
	EndGlobalSection
EndGlobal
